
Microsoft Visual Studio Solution File, Format Version 12.00
# Visual Studio Version 16
VisualStudioVersion = 16.0.30907.101
MinimumVisualStudioVersion = 10.0.40219.1
Project("{9A19103F-16F7-4668-BE54-9A1E7A4F7556}") = "DataAccess", "DataAccess\DataAccess.csproj", "{F5319902-904E-4571-ADDF-A1C460D3567F}"
EndProject
Project("{9A19103F-16F7-4668-BE54-9A1E7A4F7556}") = "Business", "Business\Business.csproj", "{5A64BDF2-3EDD-4B3A-8284-3CE8EED17BF2}"
EndProject
Project("{9A19103F-16F7-4668-BE54-9A1E7A4F7556}") = "Entities", "Entities\Entities.csproj", "{E6DE921F-86C5-498B-A813-6C9CF22874EA}"
EndProject
Project("{9A19103F-16F7-4668-BE54-9A1E7A4F7556}") = "ConsoleUI", "ConsoleUI\ConsoleUI.csproj", "{DD961779-7EB6-451F-9A0F-6B5C4373DE67}"
EndProject
Project("{FAE04EC0-301F-11D3-BF4B-00C04F79EFBC}") = "Core", "Core\Core.csproj", "{9F46006E-162A-4036-84CC-051AAF1BC931}"
EndProject
Global
	GlobalSection(SolutionConfigurationPlatforms) = preSolution
		Debug|Any CPU = Debug|Any CPU
		Release|Any CPU = Release|Any CPU
	EndGlobalSection
	GlobalSection(ProjectConfigurationPlatforms) = postSolution
		{F5319902-904E-4571-ADDF-A1C460D3567F}.Debug|Any CPU.ActiveCfg = Debug|Any CPU
		{F5319902-904E-4571-ADDF-A1C460D3567F}.Debug|Any CPU.Build.0 = Debug|Any CPU
		{F5319902-904E-4571-ADDF-A1C460D3567F}.Release|Any CPU.ActiveCfg = Release|Any CPU
		{F5319902-904E-4571-ADDF-A1C460D3567F}.Release|Any CPU.Build.0 = Release|Any CPU
		{5A64BDF2-3EDD-4B3A-8284-3CE8EED17BF2}.Debug|Any CPU.ActiveCfg = Debug|Any CPU
		{5A64BDF2-3EDD-4B3A-8284-3CE8EED17BF2}.Debug|Any CPU.Build.0 = Debug|Any CPU
		{5A64BDF2-3EDD-4B3A-8284-3CE8EED17BF2}.Release|Any CPU.ActiveCfg = Release|Any CPU
		{5A64BDF2-3EDD-4B3A-8284-3CE8EED17BF2}.Release|Any CPU.Build.0 = Release|Any CPU
		{E6DE921F-86C5-498B-A813-6C9CF22874EA}.Debug|Any CPU.ActiveCfg = Debug|Any CPU
		{E6DE921F-86C5-498B-A813-6C9CF22874EA}.Debug|Any CPU.Build.0 = Debug|Any CPU
		{E6DE921F-86C5-498B-A813-6C9CF22874EA}.Release|Any CPU.ActiveCfg = Release|Any CPU
		{E6DE921F-86C5-498B-A813-6C9CF22874EA}.Release|Any CPU.Build.0 = Release|Any CPU
		{DD961779-7EB6-451F-9A0F-6B5C4373DE67}.Debug|Any CPU.ActiveCfg = Debug|Any CPU
		{DD961779-7EB6-451F-9A0F-6B5C4373DE67}.Debug|Any CPU.Build.0 = Debug|Any CPU
		{DD961779-7EB6-451F-9A0F-6B5C4373DE67}.Release|Any CPU.ActiveCfg = Release|Any CPU
		{DD961779-7EB6-451F-9A0F-6B5C4373DE67}.Release|Any CPU.Build.0 = Release|Any CPU
		{9F46006E-162A-4036-84CC-051AAF1BC931}.Debug|Any CPU.ActiveCfg = Debug|Any CPU
		{9F46006E-162A-4036-84CC-051AAF1BC931}.Debug|Any CPU.Build.0 = Debug|Any CPU
		{9F46006E-162A-4036-84CC-051AAF1BC931}.Release|Any CPU.ActiveCfg = Release|Any CPU
		{9F46006E-162A-4036-84CC-051AAF1BC931}.Release|Any CPU.Build.0 = Release|Any CPU
	EndGlobalSection
	GlobalSection(SolutionProperties) = preSolution
		HideSolutionNode = FALSE
	EndGlobalSection
	GlobalSection(ExtensibilityGlobals) = postSolution
		SolutionGuid = {B5E5960B-6B23-4D9A-BC85-F9C4FA3D4817}
	EndGlobalSection
EndGlobal
